// !$*UTF8*$!
{
	archiveVersion = 1;
	classes = {
	};
	objectVersion = 46;
	objects = {

/* Begin PBXBuildFile section */
		F408063B1AEED2F800FBE37A /* libNMSSH-Static.a in Frameworks */ = {isa = PBXBuildFile; fileRef = F408063A1AEED2F800FBE37A /* libNMSSH-Static.a */; };
		F408063D1AEED36E00FBE37A /* libssl.dylib in Frameworks */ = {isa = PBXBuildFile; fileRef = F408063C1AEED36E00FBE37A /* libssl.dylib */; };
		F408063F1AEED37600FBE37A /* libcrypto.dylib in Frameworks */ = {isa = PBXBuildFile; fileRef = F408063E1AEED37600FBE37A /* libcrypto.dylib */; };
		F40806411AEED37B00FBE37A /* libz.dylib in Frameworks */ = {isa = PBXBuildFile; fileRef = F40806401AEED37B00FBE37A /* libz.dylib */; };
		F49DEC251B6A70E900F2D59E /* Keychain.swift in Sources */ = {isa = PBXBuildFile; fileRef = F49DEC231B6A70E900F2D59E /* Keychain.swift */; };
		F49DEC271B6A713A00F2D59E /* Security.swift in Sources */ = {isa = PBXBuildFile; fileRef = F49DEC261B6A713A00F2D59E /* Security.swift */; };
		F4A26CDA1AD5654600B48627 /* Foundation.framework in Frameworks */ = {isa = PBXBuildFile; fileRef = F4A26CD91AD5654600B48627 /* Foundation.framework */; };
		F4A26CDC1AD5654C00B48627 /* CFNetwork.framework in Frameworks */ = {isa = PBXBuildFile; fileRef = F4A26CDB1AD5654C00B48627 /* CFNetwork.framework */; };
		F4FBC9FE1A89163C00E1B6A0 /* Configuration.swift in Sources */ = {isa = PBXBuildFile; fileRef = F4FBC9F41A89163C00E1B6A0 /* Configuration.swift */; };
		F4FBC9FF1A89163C00E1B6A0 /* Loader.swift in Sources */ = {isa = PBXBuildFile; fileRef = F4FBC9F51A89163C00E1B6A0 /* Loader.swift */; };
		F4FBCA001A89163C00E1B6A0 /* main.swift in Sources */ = {isa = PBXBuildFile; fileRef = F4FBC9F61A89163C00E1B6A0 /* main.swift */; };
		F4FBCA011A89163C00E1B6A0 /* Manager.swift in Sources */ = {isa = PBXBuildFile; fileRef = F4FBC9F71A89163C00E1B6A0 /* Manager.swift */; };
		F4FBCA021A89163C00E1B6A0 /* Markdown.swift in Sources */ = {isa = PBXBuildFile; fileRef = F4FBC9F81A89163C00E1B6A0 /* Markdown.swift */; };
		F4FBCA031A89163C00E1B6A0 /* Renderer.swift in Sources */ = {isa = PBXBuildFile; fileRef = F4FBC9F91A89163C00E1B6A0 /* Renderer.swift */; };
		F4FBCA041A89163C00E1B6A0 /* Prompt.m in Sources */ = {isa = PBXBuildFile; fileRef = F4FBC9FC1A89163C00E1B6A0 /* Prompt.m */; };
/* End PBXBuildFile section */

/* Begin PBXCopyFilesBuildPhase section */
		F45010B41AE7E31C0021F863 /* CopyFiles */ = {
			isa = PBXCopyFilesBuildPhase;
			buildActionMask = 12;
			dstPath = "";
			dstSubfolderSpec = 1;
			files = (
			);
			runOnlyForDeploymentPostprocessing = 0;
		};
/* End PBXCopyFilesBuildPhase section */

/* Begin PBXFileReference section */
		F408063A1AEED2F800FBE37A /* libNMSSH-Static.a */ = {isa = PBXFileReference; lastKnownFileType = archive.ar; name = "libNMSSH-Static.a"; path = "Thoth/lib/libNMSSH-Static.a"; sourceTree = "<group>"; };
		F408063C1AEED36E00FBE37A /* libssl.dylib */ = {isa = PBXFileReference; lastKnownFileType = "compiled.mach-o.dylib"; name = libssl.dylib; path = usr/lib/libssl.dylib; sourceTree = SDKROOT; };
		F408063E1AEED37600FBE37A /* libcrypto.dylib */ = {isa = PBXFileReference; lastKnownFileType = "compiled.mach-o.dylib"; name = libcrypto.dylib; path = usr/lib/libcrypto.dylib; sourceTree = SDKROOT; };
		F40806401AEED37B00FBE37A /* libz.dylib */ = {isa = PBXFileReference; lastKnownFileType = "compiled.mach-o.dylib"; name = libz.dylib; path = usr/lib/libz.dylib; sourceTree = SDKROOT; };
		F44B72631A7584A900C92E3E /* Thoth */ = {isa = PBXFileReference; explicitFileType = "compiled.mach-o.executable"; includeInIndex = 0; path = Thoth; sourceTree = BUILT_PRODUCTS_DIR; };
		F45BD9A41A99126800FA82EF /* Thoth-Bridging-Header.h */ = {isa = PBXFileReference; lastKnownFileType = sourcecode.c.h; path = "Thoth-Bridging-Header.h"; sourceTree = "<group>"; };
		F49DEC231B6A70E900F2D59E /* Keychain.swift */ = {isa = PBXFileReference; fileEncoding = 4; lastKnownFileType = sourcecode.swift; name = Keychain.swift; path = "keychain-access/Keychain.swift"; sourceTree = "<group>"; };
		F49DEC241B6A70E900F2D59E /* KeychainAccess.h */ = {isa = PBXFileReference; fileEncoding = 4; lastKnownFileType = sourcecode.c.h; name = KeychainAccess.h; path = "keychain-access/KeychainAccess.h"; sourceTree = "<group>"; };
		F49DEC261B6A713A00F2D59E /* Security.swift */ = {isa = PBXFileReference; fileEncoding = 4; lastKnownFileType = sourcecode.swift; path = Security.swift; sourceTree = "<group>"; };
		F4A26CD91AD5654600B48627 /* Foundation.framework */ = {isa = PBXFileReference; lastKnownFileType = wrapper.framework; name = Foundation.framework; path = System/Library/Frameworks/Foundation.framework; sourceTree = SDKROOT; };
		F4A26CDB1AD5654C00B48627 /* CFNetwork.framework */ = {isa = PBXFileReference; lastKnownFileType = wrapper.framework; name = CFNetwork.framework; path = System/Library/Frameworks/CFNetwork.framework; sourceTree = SDKROOT; };
		F4FBC9F41A89163C00E1B6A0 /* Configuration.swift */ = {isa = PBXFileReference; fileEncoding = 4; lastKnownFileType = sourcecode.swift; path = Configuration.swift; sourceTree = "<group>"; };
		F4FBC9F51A89163C00E1B6A0 /* Loader.swift */ = {isa = PBXFileReference; fileEncoding = 4; lastKnownFileType = sourcecode.swift; path = Loader.swift; sourceTree = "<group>"; };
		F4FBC9F61A89163C00E1B6A0 /* main.swift */ = {isa = PBXFileReference; fileEncoding = 4; lastKnownFileType = sourcecode.swift; path = main.swift; sourceTree = "<group>"; };
		F4FBC9F71A89163C00E1B6A0 /* Manager.swift */ = {isa = PBXFileReference; fileEncoding = 4; lastKnownFileType = sourcecode.swift; path = Manager.swift; sourceTree = "<group>"; };
		F4FBC9F81A89163C00E1B6A0 /* Markdown.swift */ = {isa = PBXFileReference; fileEncoding = 4; lastKnownFileType = sourcecode.swift; path = Markdown.swift; sourceTree = "<group>"; };
		F4FBC9F91A89163C00E1B6A0 /* Renderer.swift */ = {isa = PBXFileReference; fileEncoding = 4; lastKnownFileType = sourcecode.swift; path = Renderer.swift; sourceTree = "<group>"; };
		F4FBC9FB1A89163C00E1B6A0 /* Prompt.h */ = {isa = PBXFileReference; fileEncoding = 4; lastKnownFileType = sourcecode.c.h; path = Prompt.h; sourceTree = "<group>"; };
		F4FBC9FC1A89163C00E1B6A0 /* Prompt.m */ = {isa = PBXFileReference; fileEncoding = 4; lastKnownFileType = sourcecode.c.objc; path = Prompt.m; sourceTree = "<group>"; };
/* End PBXFileReference section */

/* Begin PBXFrameworksBuildPhase section */
		F44B72601A7584A900C92E3E /* Frameworks */ = {
			isa = PBXFrameworksBuildPhase;
			buildActionMask = 2147483647;
			files = (
				F4A26CDA1AD5654600B48627 /* Foundation.framework in Frameworks */,
				F4A26CDC1AD5654C00B48627 /* CFNetwork.framework in Frameworks */,
				F40806411AEED37B00FBE37A /* libz.dylib in Frameworks */,
				F408063F1AEED37600FBE37A /* libcrypto.dylib in Frameworks */,
				F408063D1AEED36E00FBE37A /* libssl.dylib in Frameworks */,
				F408063B1AEED2F800FBE37A /* libNMSSH-Static.a in Frameworks */,
			);
			runOnlyForDeploymentPostprocessing = 0;
		};
/* End PBXFrameworksBuildPhase section */

/* Begin PBXGroup section */
		F44B725A1A7584A900C92E3E = {
			isa = PBXGroup;
			children = (
				F4A26CDD1AD5668000B48627 /* Frameworks */,
				F4FBC9F31A89163C00E1B6A0 /* Thoth */,
				F44B72641A7584A900C92E3E /* Products */,
			);
			sourceTree = "<group>";
		};
		F44B72641A7584A900C92E3E /* Products */ = {
			isa = PBXGroup;
			children = (
				F44B72631A7584A900C92E3E /* Thoth */,
			);
			name = Products;
			sourceTree = "<group>";
		};
		F49DEC221B6A70DE00F2D59E /* KeychainAccess */ = {
			isa = PBXGroup;
			children = (
				F49DEC231B6A70E900F2D59E /* Keychain.swift */,
				F49DEC241B6A70E900F2D59E /* KeychainAccess.h */,
			);
			name = KeychainAccess;
			sourceTree = "<group>";
		};
		F4A26CDD1AD5668000B48627 /* Frameworks */ = {
			isa = PBXGroup;
			children = (
				F40806401AEED37B00FBE37A /* libz.dylib */,
				F408063E1AEED37600FBE37A /* libcrypto.dylib */,
				F408063C1AEED36E00FBE37A /* libssl.dylib */,
				F408063A1AEED2F800FBE37A /* libNMSSH-Static.a */,
				F4A26CDB1AD5654C00B48627 /* CFNetwork.framework */,
				F4A26CD91AD5654600B48627 /* Foundation.framework */,
			);
			name = Frameworks;
			sourceTree = "<group>";
		};
		F4FBC9F31A89163C00E1B6A0 /* Thoth */ = {
			isa = PBXGroup;
			children = (
				F4FBC9F61A89163C00E1B6A0 /* main.swift */,
				F49DEC261B6A713A00F2D59E /* Security.swift */,
				F4FBC9F71A89163C00E1B6A0 /* Manager.swift */,
				F4FBC9F41A89163C00E1B6A0 /* Configuration.swift */,
				F4FBC9F51A89163C00E1B6A0 /* Loader.swift */,
				F4FBC9F91A89163C00E1B6A0 /* Renderer.swift */,
				F4FBCA051A8921BC00E1B6A0 /* Libraries */,
			);
			path = Thoth;
			sourceTree = "<group>";
		};
		F4FBC9FA1A89163C00E1B6A0 /* swift-libedit */ = {
			isa = PBXGroup;
			children = (
				F4FBC9FB1A89163C00E1B6A0 /* Prompt.h */,
				F4FBC9FC1A89163C00E1B6A0 /* Prompt.m */,
			);
			path = "swift-libedit";
			sourceTree = "<group>";
		};
		F4FBCA051A8921BC00E1B6A0 /* Libraries */ = {
			isa = PBXGroup;
			children = (
				F49DEC221B6A70DE00F2D59E /* KeychainAccess */,
				F45BD9A41A99126800FA82EF /* Thoth-Bridging-Header.h */,
				F4FBC9F81A89163C00E1B6A0 /* Markdown.swift */,
				F4FBC9FA1A89163C00E1B6A0 /* swift-libedit */,
			);
			name = Libraries;
			sourceTree = "<group>";
		};
/* End PBXGroup section */

/* Begin PBXNativeTarget section */
		F44B72621A7584A900C92E3E /* Thoth */ = {
			isa = PBXNativeTarget;
			buildConfigurationList = F44B726A1A7584A900C92E3E /* Build configuration list for PBXNativeTarget "Thoth" */;
			buildPhases = (
				F44B725F1A7584A900C92E3E /* Sources */,
				F44B72601A7584A900C92E3E /* Frameworks */,
				F45010B41AE7E31C0021F863 /* CopyFiles */,
			);
			buildRules = (
			);
			dependencies = (
			);
			name = Thoth;
			productName = Siblog;
			productReference = F44B72631A7584A900C92E3E /* Thoth */;
			productType = "com.apple.product-type.tool";
		};
/* End PBXNativeTarget section */

/* Begin PBXProject section */
		F44B725B1A7584A900C92E3E /* Project object */ = {
			isa = PBXProject;
			attributes = {
				LastUpgradeCheck = 0610;
				ORGANIZATIONNAME = "Simon Rodriguez";
				TargetAttributes = {
					F44B72621A7584A900C92E3E = {
						CreatedOnToolsVersion = 6.1.1;
					};
				};
			};
			buildConfigurationList = F44B725E1A7584A900C92E3E /* Build configuration list for PBXProject "Thoth" */;
			compatibilityVersion = "Xcode 3.2";
			developmentRegion = English;
			hasScannedForEncodings = 0;
			knownRegions = (
				en,
			);
			mainGroup = F44B725A1A7584A900C92E3E;
			productRefGroup = F44B72641A7584A900C92E3E /* Products */;
			projectDirPath = "";
			projectRoot = "";
			targets = (
				F44B72621A7584A900C92E3E /* Thoth */,
			);
		};
/* End PBXProject section */

/* Begin PBXSourcesBuildPhase section */
		F44B725F1A7584A900C92E3E /* Sources */ = {
			isa = PBXSourcesBuildPhase;
			buildActionMask = 2147483647;
			files = (
				F4FBCA041A89163C00E1B6A0 /* Prompt.m in Sources */,
				F4FBCA021A89163C00E1B6A0 /* Markdown.swift in Sources */,
				F4FBCA031A89163C00E1B6A0 /* Renderer.swift in Sources */,
				F4FBCA001A89163C00E1B6A0 /* main.swift in Sources */,
				F4FBC9FE1A89163C00E1B6A0 /* Configuration.swift in Sources */,
				F49DEC271B6A713A00F2D59E /* Security.swift in Sources */,
				F49DEC251B6A70E900F2D59E /* Keychain.swift in Sources */,
				F4FBCA011A89163C00E1B6A0 /* Manager.swift in Sources */,
				F4FBC9FF1A89163C00E1B6A0 /* Loader.swift in Sources */,
			);
			runOnlyForDeploymentPostprocessing = 0;
		};
/* End PBXSourcesBuildPhase section */

/* Begin XCBuildConfiguration section */
		F44B72681A7584A900C92E3E /* Debug */ = {
			isa = XCBuildConfiguration;
			buildSettings = {
				ALWAYS_SEARCH_USER_PATHS = NO;
				CLANG_CXX_LANGUAGE_STANDARD = "gnu++0x";
				CLANG_CXX_LIBRARY = "libc++";
				CLANG_ENABLE_MODULES = YES;
				CLANG_ENABLE_OBJC_ARC = YES;
				CLANG_WARN_BOOL_CONVERSION = YES;
				CLANG_WARN_CONSTANT_CONVERSION = YES;
				CLANG_WARN_DIRECT_OBJC_ISA_USAGE = YES_ERROR;
				CLANG_WARN_EMPTY_BODY = YES;
				CLANG_WARN_ENUM_CONVERSION = YES;
				CLANG_WARN_INT_CONVERSION = YES;
				CLANG_WARN_OBJC_ROOT_CLASS = YES_ERROR;
				CLANG_WARN_UNREACHABLE_CODE = YES;
				CLANG_WARN__DUPLICATE_METHOD_MATCH = YES;
				COPY_PHASE_STRIP = NO;
				ENABLE_STRICT_OBJC_MSGSEND = YES;
				GCC_C_LANGUAGE_STANDARD = gnu99;
				GCC_DYNAMIC_NO_PIC = NO;
				GCC_OPTIMIZATION_LEVEL = 0;
				GCC_PREPROCESSOR_DEFINITIONS = (
					"DEBUG=1",
					"$(inherited)",
				);
				GCC_SYMBOLS_PRIVATE_EXTERN = NO;
				GCC_WARN_64_TO_32_BIT_CONVERSION = YES;
				GCC_WARN_ABOUT_RETURN_TYPE = YES_ERROR;
				GCC_WARN_UNDECLARED_SELECTOR = YES;
				GCC_WARN_UNINITIALIZED_AUTOS = YES_AGGRESSIVE;
				GCC_WARN_UNUSED_FUNCTION = YES;
				GCC_WARN_UNUSED_VARIABLE = YES;
				MACOSX_DEPLOYMENT_TARGET = 10.10;
				MTL_ENABLE_DEBUG_INFO = YES;
				ONLY_ACTIVE_ARCH = YES;
				OTHER_LDFLAGS = (
					"-ltermcap",
					"-ledit",
				);
				SDKROOT = macosx;
				SWIFT_OPTIMIZATION_LEVEL = "-Onone";
			};
			name = Debug;
		};
		F44B72691A7584A900C92E3E /* Release */ = {
			isa = XCBuildConfiguration;
			buildSettings = {
				ALWAYS_SEARCH_USER_PATHS = NO;
				CLANG_CXX_LANGUAGE_STANDARD = "gnu++0x";
				CLANG_CXX_LIBRARY = "libc++";
				CLANG_ENABLE_MODULES = YES;
				CLANG_ENABLE_OBJC_ARC = YES;
				CLANG_WARN_BOOL_CONVERSION = YES;
				CLANG_WARN_CONSTANT_CONVERSION = YES;
				CLANG_WARN_DIRECT_OBJC_ISA_USAGE = YES_ERROR;
				CLANG_WARN_EMPTY_BODY = YES;
				CLANG_WARN_ENUM_CONVERSION = YES;
				CLANG_WARN_INT_CONVERSION = YES;
				CLANG_WARN_OBJC_ROOT_CLASS = YES_ERROR;
				CLANG_WARN_UNREACHABLE_CODE = YES;
				CLANG_WARN__DUPLICATE_METHOD_MATCH = YES;
				COPY_PHASE_STRIP = YES;
				DEBUG_INFORMATION_FORMAT = "dwarf-with-dsym";
				ENABLE_NS_ASSERTIONS = NO;
				ENABLE_STRICT_OBJC_MSGSEND = YES;
				GCC_C_LANGUAGE_STANDARD = gnu99;
				GCC_WARN_64_TO_32_BIT_CONVERSION = YES;
				GCC_WARN_ABOUT_RETURN_TYPE = YES_ERROR;
				GCC_WARN_UNDECLARED_SELECTOR = YES;
				GCC_WARN_UNINITIALIZED_AUTOS = YES_AGGRESSIVE;
				GCC_WARN_UNUSED_FUNCTION = YES;
				GCC_WARN_UNUSED_VARIABLE = YES;
				MACOSX_DEPLOYMENT_TARGET = 10.10;
				MTL_ENABLE_DEBUG_INFO = NO;
				OTHER_LDFLAGS = (
					"-ltermcap",
					"-ledit",
				);
				SDKROOT = macosx;
			};
			name = Release;
		};
		F44B726B1A7584A900C92E3E /* Debug */ = {
			isa = XCBuildConfiguration;
			buildSettings = {
				CLANG_ENABLE_MODULES = YES;
				CODE_SIGN_IDENTITY = "3rd Party Mac Developer Application";
				FRAMEWORK_SEARCH_PATHS = (
					"$(inherited)",
					"$(PROJECT_DIR)/Thoth",
					"$(PROJECT_DIR)",
					"$(PROJECT_DIR)/Thoth.xcodeproj",
					"$(USER_LIBRARY_DIR)/Developer/Xcode/DerivedData/Thoth-hghgrlwhdekkwyemqfgyvrxwrwsf/Build/Products/Release",
					/Developer/Xcode/Siblog/Libraries,
				);
				HEADER_SEARCH_PATHS = (
					"$(inherited)",
					/Applications/Xcode.app/Contents/Developer/Toolchains/XcodeDefault.xctoolchain/usr/include,
					/Developer/XCode/Siblog/Siblog/Thoth/NMSSH.framework/Headers,
					/Developer/XCode/Siblog/Siblog/Thoth/include,
				);
				LD_RUNPATH_SEARCH_PATHS = "$(inherited) @executable_path/../Frameworks @loader_path/../Frameworks";
				LIBRARY_SEARCH_PATHS = (
					"$(inherited)",
					"$(PROJECT_DIR)/Thoth/lib",
				);
				OTHER_LDFLAGS = (
					"-ltermcap",
					"-ledit",
					"-ObjC",
				);
				PRODUCT_NAME = Thoth;
				SWIFT_OBJC_BRIDGING_HEADER = "Thoth/Thoth-Bridging-Header.h";
				SWIFT_OPTIMIZATION_LEVEL = "-Onone";
			};
			name = Debug;
		};
		F44B726C1A7584A900C92E3E /* Release */ = {
			isa = XCBuildConfiguration;
			buildSettings = {
				CLANG_ENABLE_MODULES = YES;
				CODE_SIGN_IDENTITY = "3rd Party Mac Developer Application";
				FRAMEWORK_SEARCH_PATHS = (
					"$(inherited)",
					"$(PROJECT_DIR)/Thoth",
					"$(PROJECT_DIR)",
					"$(PROJECT_DIR)/Thoth.xcodeproj",
					"$(USER_LIBRARY_DIR)/Developer/Xcode/DerivedData/Thoth-hghgrlwhdekkwyemqfgyvrxwrwsf/Build/Products/Release",
					/Developer/Xcode/Siblog/Libraries,
				);
				HEADER_SEARCH_PATHS = (
					"$(inherited)",
					/Applications/Xcode.app/Contents/Developer/Toolchains/XcodeDefault.xctoolchain/usr/include,
					/Developer/XCode/Siblog/Siblog/Thoth/NMSSH.framework/Headers,
					/Developer/XCode/Siblog/Siblog/Thoth/include,
				);
				LD_RUNPATH_SEARCH_PATHS = "$(inherited) @executable_path/../Frameworks @loader_path/../Frameworks";
				LIBRARY_SEARCH_PATHS = (
					"$(inherited)",
					"$(PROJECT_DIR)/Thoth/lib",
				);
				OTHER_LDFLAGS = (
					"-ltermcap",
					"-ledit",
					"-ObjC",
				);
				PRODUCT_NAME = Thoth;
				SWIFT_OBJC_BRIDGING_HEADER = "Thoth/Thoth-Bridging-Header.h";
			};
			name = Release;
		};
/* End XCBuildConfiguration section */

/* Begin XCConfigurationList section */
		F44B725E1A7584A900C92E3E /* Build configuration list for PBXProject "Thoth" */ = {
			isa = XCConfigurationList;
			buildConfigurations = (
				F44B72681A7584A900C92E3E /* Debug */,
				F44B72691A7584A900C92E3E /* Release */,
			);
			defaultConfigurationIsVisible = 0;
			defaultConfigurationName = Release;
		};
		F44B726A1A7584A900C92E3E /* Build configuration list for PBXNativeTarget "Thoth" */ = {
			isa = XCConfigurationList;
			buildConfigurations = (
				F44B726B1A7584A900C92E3E /* Debug */,
				F44B726C1A7584A900C92E3E /* Release */,
			);
			defaultConfigurationIsVisible = 0;
			defaultConfigurationName = Release;
		};
/* End XCConfigurationList section */
	};
	rootObject = F44B725B1A7584A900C92E3E /* Project object */;
}
